
Microsoft Visual Studio Solution File, Format Version 12.00
# Visual Studio Version 17
VisualStudioVersion = 17.9.34728.123
MinimumVisualStudioVersion = 10.0.40219.1
Project("{FAE04EC0-301F-11D3-BF4B-00C04F79EFBC}") = "Project_Api", "Project_Api\Project_Api.csproj", "{8102463E-850E-4FE7-9B30-02D3B11F159A}"
EndProject
Project("{FAE04EC0-301F-11D3-BF4B-00C04F79EFBC}") = "Project_Api_BLL", "Project_Api_BL\Project_Api_BLL.csproj", "{AA6C4E66-946A-4C1D-B8B1-A3610E9B56EF}"
EndProject
Project("{FAE04EC0-301F-11D3-BF4B-00C04F79EFBC}") = "Project_Api_DAL", "Project_Api_DAL\Project_Api_DAL.csproj", "{D0527F9F-E150-4F48-98F5-CB83C28E23F4}"
EndProject
Global
	GlobalSection(SolutionConfigurationPlatforms) = preSolution
		Debug|Any CPU = Debug|Any CPU
		Release|Any CPU = Release|Any CPU
	EndGlobalSection
	GlobalSection(ProjectConfigurationPlatforms) = postSolution
		{8102463E-850E-4FE7-9B30-02D3B11F159A}.Debug|Any CPU.ActiveCfg = Debug|Any CPU
		{8102463E-850E-4FE7-9B30-02D3B11F159A}.Debug|Any CPU.Build.0 = Debug|Any CPU
		{8102463E-850E-4FE7-9B30-02D3B11F159A}.Release|Any CPU.ActiveCfg = Release|Any CPU
		{8102463E-850E-4FE7-9B30-02D3B11F159A}.Release|Any CPU.Build.0 = Release|Any CPU
		{AA6C4E66-946A-4C1D-B8B1-A3610E9B56EF}.Debug|Any CPU.ActiveCfg = Debug|Any CPU
		{AA6C4E66-946A-4C1D-B8B1-A3610E9B56EF}.Debug|Any CPU.Build.0 = Debug|Any CPU
		{AA6C4E66-946A-4C1D-B8B1-A3610E9B56EF}.Release|Any CPU.ActiveCfg = Release|Any CPU
		{AA6C4E66-946A-4C1D-B8B1-A3610E9B56EF}.Release|Any CPU.Build.0 = Release|Any CPU
		{D0527F9F-E150-4F48-98F5-CB83C28E23F4}.Debug|Any CPU.ActiveCfg = Debug|Any CPU
		{D0527F9F-E150-4F48-98F5-CB83C28E23F4}.Debug|Any CPU.Build.0 = Debug|Any CPU
		{D0527F9F-E150-4F48-98F5-CB83C28E23F4}.Release|Any CPU.ActiveCfg = Release|Any CPU
		{D0527F9F-E150-4F48-98F5-CB83C28E23F4}.Release|Any CPU.Build.0 = Release|Any CPU
	EndGlobalSection
	GlobalSection(SolutionProperties) = preSolution
		HideSolutionNode = FALSE
	EndGlobalSection
	GlobalSection(ExtensibilityGlobals) = postSolution
		SolutionGuid = {68D49018-B3B8-46C4-A03D-13CD7CA74A78}
	EndGlobalSection
EndGlobal
